
Microsoft Visual Studio Solution File, Format Version 12.00
# Visual Studio 15
VisualStudioVersion = 15.0.27703.2018
MinimumVisualStudioVersion = 10.0.40219.1
Project("{FAE04EC0-301F-11D3-BF4B-00C04F79EFBC}") = "BilderGui", "BilderGui.csproj", "{CCB650DE-752E-4505-A099-16D2F1606A5B}"
EndProject
Global
	GlobalSection(SolutionConfigurationPlatforms) = preSolution
		Debug|Any CPU = Debug|Any CPU
		Release|Any CPU = Release|Any CPU
	EndGlobalSection
	GlobalSection(ProjectConfigurationPlatforms) = postSolution
		{CCB650DE-752E-4505-A099-16D2F1606A5B}.Debug|Any CPU.ActiveCfg = Debug|Any CPU
		{CCB650DE-752E-4505-A099-16D2F1606A5B}.Debug|Any CPU.Build.0 = Debug|Any CPU
		{CCB650DE-752E-4505-A099-16D2F1606A5B}.Release|Any CPU.ActiveCfg = Release|Any CPU
		{CCB650DE-752E-4505-A099-16D2F1606A5B}.Release|Any CPU.Build.0 = Release|Any CPU
	EndGlobalSection
	GlobalSection(SolutionProperties) = preSolution
		HideSolutionNode = FALSE
	EndGlobalSection
	GlobalSection(ExtensibilityGlobals) = postSolution
		SolutionGuid = {701CEBCE-4476-4DC3-8307-A717FAA3B0EE}
	EndGlobalSection
EndGlobal
